
Microsoft Visual Studio Solution File, Format Version 12.00
# Visual Studio Version 16
VisualStudioVersion = 16.0.31025.194
MinimumVisualStudioVersion = 10.0.40219.1
Project("{FAE04EC0-301F-11D3-BF4B-00C04F79EFBC}") = "DBConnection_Enterprise", "DBConnection_Enterprise\DBConnection_Enterprise.csproj", "{6CB8087B-6D6F-44EE-97D0-42DEB6741AF6}"
EndProject
Global
	GlobalSection(SolutionConfigurationPlatforms) = preSolution
		Debug|Any CPU = Debug|Any CPU
		Release|Any CPU = Release|Any CPU
	EndGlobalSection
	GlobalSection(ProjectConfigurationPlatforms) = postSolution
		{6CB8087B-6D6F-44EE-97D0-42DEB6741AF6}.Debug|Any CPU.ActiveCfg = Debug|Any CPU
		{6CB8087B-6D6F-44EE-97D0-42DEB6741AF6}.Debug|Any CPU.Build.0 = Debug|Any CPU
		{6CB8087B-6D6F-44EE-97D0-42DEB6741AF6}.Release|Any CPU.ActiveCfg = Release|Any CPU
		{6CB8087B-6D6F-44EE-97D0-42DEB6741AF6}.Release|Any CPU.Build.0 = Release|Any CPU
	EndGlobalSection
	GlobalSection(SolutionProperties) = preSolution
		HideSolutionNode = FALSE
	EndGlobalSection
	GlobalSection(ExtensibilityGlobals) = postSolution
		SolutionGuid = {B7ADFE8A-C08E-4AEF-8D51-63D915D17E2F}
	EndGlobalSection
EndGlobal
